
Microsoft Visual Studio Solution File, Format Version 12.00
# Visual Studio 15
VisualStudioVersion = 15.0.28307.106
MinimumVisualStudioVersion = 10.0.40219.1
Project("{FAE04EC0-301F-11D3-BF4B-00C04F79EFBC}") = "GamerMarket.UI", "GamerMarket.UI\GamerMarket.UI.csproj", "{24FB5D54-383D-437E-84B7-1F25759FE723}"
EndProject
Project("{FAE04EC0-301F-11D3-BF4B-00C04F79EFBC}") = "GamerMarket.Core", "GamerMarket.Core\GamerMarket.Core.csproj", "{8ACE269A-7B59-452A-8EF8-6F0C21D49FDA}"
EndProject
Project("{FAE04EC0-301F-11D3-BF4B-00C04F79EFBC}") = "GamerMarket.DAL", "GamerMarket.DAL\GamerMarket.DAL.csproj", "{B323415D-31CA-429F-8E95-D466083B4B1B}"
EndProject
Project("{FAE04EC0-301F-11D3-BF4B-00C04F79EFBC}") = "GamerMarket.Map", "GamerMarket.Map\GamerMarket.Map.csproj", "{CB43AEEE-34C6-4736-90B1-31C713BFE0FE}"
EndProject
Project("{FAE04EC0-301F-11D3-BF4B-00C04F79EFBC}") = "GamerMarket.Model", "GamerMarket.Model\GamerMarket.Model.csproj", "{26AAF1E9-D668-4480-B4AD-0C3E402672B2}"
EndProject
Project("{FAE04EC0-301F-11D3-BF4B-00C04F79EFBC}") = "GamerMarket.Service", "GamerMarket.Service\GamerMarket.Service.csproj", "{BC72102B-B90D-4BD3-B74D-E4C53BAB54C2}"
EndProject
Project("{FAE04EC0-301F-11D3-BF4B-00C04F79EFBC}") = "GamerMarket.Utility", "GamerMarket.Utility\GamerMarket.Utility.csproj", "{BE3FDDEE-3FBA-47B8-A37D-C50A940C05EF}"
EndProject
Global
	GlobalSection(SolutionConfigurationPlatforms) = preSolution
		Debug|Any CPU = Debug|Any CPU
		Release|Any CPU = Release|Any CPU
	EndGlobalSection
	GlobalSection(ProjectConfigurationPlatforms) = postSolution
		{24FB5D54-383D-437E-84B7-1F25759FE723}.Debug|Any CPU.ActiveCfg = Debug|Any CPU
		{24FB5D54-383D-437E-84B7-1F25759FE723}.Debug|Any CPU.Build.0 = Debug|Any CPU
		{24FB5D54-383D-437E-84B7-1F25759FE723}.Release|Any CPU.ActiveCfg = Release|Any CPU
		{24FB5D54-383D-437E-84B7-1F25759FE723}.Release|Any CPU.Build.0 = Release|Any CPU
		{8ACE269A-7B59-452A-8EF8-6F0C21D49FDA}.Debug|Any CPU.ActiveCfg = Debug|Any CPU
		{8ACE269A-7B59-452A-8EF8-6F0C21D49FDA}.Debug|Any CPU.Build.0 = Debug|Any CPU
		{8ACE269A-7B59-452A-8EF8-6F0C21D49FDA}.Release|Any CPU.ActiveCfg = Release|Any CPU
		{8ACE269A-7B59-452A-8EF8-6F0C21D49FDA}.Release|Any CPU.Build.0 = Release|Any CPU
		{B323415D-31CA-429F-8E95-D466083B4B1B}.Debug|Any CPU.ActiveCfg = Debug|Any CPU
		{B323415D-31CA-429F-8E95-D466083B4B1B}.Debug|Any CPU.Build.0 = Debug|Any CPU
		{B323415D-31CA-429F-8E95-D466083B4B1B}.Release|Any CPU.ActiveCfg = Release|Any CPU
		{B323415D-31CA-429F-8E95-D466083B4B1B}.Release|Any CPU.Build.0 = Release|Any CPU
		{CB43AEEE-34C6-4736-90B1-31C713BFE0FE}.Debug|Any CPU.ActiveCfg = Debug|Any CPU
		{CB43AEEE-34C6-4736-90B1-31C713BFE0FE}.Debug|Any CPU.Build.0 = Debug|Any CPU
		{CB43AEEE-34C6-4736-90B1-31C713BFE0FE}.Release|Any CPU.ActiveCfg = Release|Any CPU
		{CB43AEEE-34C6-4736-90B1-31C713BFE0FE}.Release|Any CPU.Build.0 = Release|Any CPU
		{26AAF1E9-D668-4480-B4AD-0C3E402672B2}.Debug|Any CPU.ActiveCfg = Debug|Any CPU
		{26AAF1E9-D668-4480-B4AD-0C3E402672B2}.Debug|Any CPU.Build.0 = Debug|Any CPU
		{26AAF1E9-D668-4480-B4AD-0C3E402672B2}.Release|Any CPU.ActiveCfg = Release|Any CPU
		{26AAF1E9-D668-4480-B4AD-0C3E402672B2}.Release|Any CPU.Build.0 = Release|Any CPU
		{BC72102B-B90D-4BD3-B74D-E4C53BAB54C2}.Debug|Any CPU.ActiveCfg = Debug|Any CPU
		{BC72102B-B90D-4BD3-B74D-E4C53BAB54C2}.Debug|Any CPU.Build.0 = Debug|Any CPU
		{BC72102B-B90D-4BD3-B74D-E4C53BAB54C2}.Release|Any CPU.ActiveCfg = Release|Any CPU
		{BC72102B-B90D-4BD3-B74D-E4C53BAB54C2}.Release|Any CPU.Build.0 = Release|Any CPU
		{BE3FDDEE-3FBA-47B8-A37D-C50A940C05EF}.Debug|Any CPU.ActiveCfg = Debug|Any CPU
		{BE3FDDEE-3FBA-47B8-A37D-C50A940C05EF}.Debug|Any CPU.Build.0 = Debug|Any CPU
		{BE3FDDEE-3FBA-47B8-A37D-C50A940C05EF}.Release|Any CPU.ActiveCfg = Release|Any CPU
		{BE3FDDEE-3FBA-47B8-A37D-C50A940C05EF}.Release|Any CPU.Build.0 = Release|Any CPU
	EndGlobalSection
	GlobalSection(SolutionProperties) = preSolution
		HideSolutionNode = FALSE
	EndGlobalSection
	GlobalSection(ExtensibilityGlobals) = postSolution
		SolutionGuid = {A846CE59-F946-4788-B2A1-997294898F04}
	EndGlobalSection
EndGlobal
